
Microsoft Visual Studio Solution File, Format Version 12.00
# Visual Studio Version 16
VisualStudioVersion = 16.0.29613.14
MinimumVisualStudioVersion = 10.0.40219.1
Project("{FAE04EC0-301F-11D3-BF4B-00C04F79EFBC}") = "WebApiWithSwagger", "WebApiWithSwagger\WebApiWithSwagger.csproj", "{5FD0CD95-AD7C-4008-9920-8872D313F449}"
EndProject
Global
	GlobalSection(SolutionConfigurationPlatforms) = preSolution
		Debug|Any CPU = Debug|Any CPU
		Release|Any CPU = Release|Any CPU
	EndGlobalSection
	GlobalSection(ProjectConfigurationPlatforms) = postSolution
		{5FD0CD95-AD7C-4008-9920-8872D313F449}.Debug|Any CPU.ActiveCfg = Debug|Any CPU
		{5FD0CD95-AD7C-4008-9920-8872D313F449}.Debug|Any CPU.Build.0 = Debug|Any CPU
		{5FD0CD95-AD7C-4008-9920-8872D313F449}.Release|Any CPU.ActiveCfg = Release|Any CPU
		{5FD0CD95-AD7C-4008-9920-8872D313F449}.Release|Any CPU.Build.0 = Release|Any CPU
	EndGlobalSection
	GlobalSection(SolutionProperties) = preSolution
		HideSolutionNode = FALSE
	EndGlobalSection
	GlobalSection(ExtensibilityGlobals) = postSolution
		SolutionGuid = {22E8E62D-B216-4699-8B24-46EB5A83F654}
	EndGlobalSection
EndGlobal
